
Microsoft Visual Studio Solution File, Format Version 12.00
# Visual Studio Version 17
VisualStudioVersion = 17.4.33403.182
MinimumVisualStudioVersion = 10.0.40219.1
Project("{FAE04EC0-301F-11D3-BF4B-00C04F79EFBC}") = "EtoZheDiscordBotAI", "EtoZheDiscordBotAI\EtoZheDiscordBotAI.csproj", "{C12C0209-8687-4247-8A2F-D86D40230912}"
EndProject
Global
	GlobalSection(SolutionConfigurationPlatforms) = preSolution
		Debug|Any CPU = Debug|Any CPU
		Release|Any CPU = Release|Any CPU
	EndGlobalSection
	GlobalSection(ProjectConfigurationPlatforms) = postSolution
		{C12C0209-8687-4247-8A2F-D86D40230912}.Debug|Any CPU.ActiveCfg = Debug|Any CPU
		{C12C0209-8687-4247-8A2F-D86D40230912}.Debug|Any CPU.Build.0 = Debug|Any CPU
		{C12C0209-8687-4247-8A2F-D86D40230912}.Release|Any CPU.ActiveCfg = Release|Any CPU
		{C12C0209-8687-4247-8A2F-D86D40230912}.Release|Any CPU.Build.0 = Release|Any CPU
	EndGlobalSection
	GlobalSection(SolutionProperties) = preSolution
		HideSolutionNode = FALSE
	EndGlobalSection
	GlobalSection(ExtensibilityGlobals) = postSolution
		SolutionGuid = {BF814696-2728-4EB4-AC2A-5999A5815190}
	EndGlobalSection
EndGlobal
